
Microsoft Visual Studio Solution File, Format Version 12.00
# Visual Studio Version 17
VisualStudioVersion = 17.6.33815.320
MinimumVisualStudioVersion = 10.0.40219.1
Project("{9A19103F-16F7-4668-BE54-9A1E7A4F7556}") = "CustomStringBuilder", "ConsoleApp3\CustomStringBuilder.csproj", "{DED3253C-C2B3-4297-A431-A1E527CC4B8C}"
EndProject
Global
	GlobalSection(SolutionConfigurationPlatforms) = preSolution
		Debug|Any CPU = Debug|Any CPU
		Release|Any CPU = Release|Any CPU
	EndGlobalSection
	GlobalSection(ProjectConfigurationPlatforms) = postSolution
		{DED3253C-C2B3-4297-A431-A1E527CC4B8C}.Debug|Any CPU.ActiveCfg = Debug|Any CPU
		{DED3253C-C2B3-4297-A431-A1E527CC4B8C}.Debug|Any CPU.Build.0 = Debug|Any CPU
		{DED3253C-C2B3-4297-A431-A1E527CC4B8C}.Release|Any CPU.ActiveCfg = Release|Any CPU
		{DED3253C-C2B3-4297-A431-A1E527CC4B8C}.Release|Any CPU.Build.0 = Release|Any CPU
	EndGlobalSection
	GlobalSection(SolutionProperties) = preSolution
		HideSolutionNode = FALSE
	EndGlobalSection
	GlobalSection(ExtensibilityGlobals) = postSolution
		SolutionGuid = {F657D7EB-B274-4620-9B96-4B4A0C31B4AE}
	EndGlobalSection
EndGlobal
