
Microsoft Visual Studio Solution File, Format Version 12.00
# Visual Studio Version 17
VisualStudioVersion = 17.6.33815.320
MinimumVisualStudioVersion = 10.0.40219.1
Project("{FAE04EC0-301F-11D3-BF4B-00C04F79EFBC}") = "Tic_Tac_Toe", "ConsoleApp6\Tic_Tac_Toe.csproj", "{406C38AE-BE08-414D-8858-67D28576EA7F}"
EndProject
Global
	GlobalSection(SolutionConfigurationPlatforms) = preSolution
		Debug|Any CPU = Debug|Any CPU
		Release|Any CPU = Release|Any CPU
	EndGlobalSection
	GlobalSection(ProjectConfigurationPlatforms) = postSolution
		{406C38AE-BE08-414D-8858-67D28576EA7F}.Debug|Any CPU.ActiveCfg = Debug|Any CPU
		{406C38AE-BE08-414D-8858-67D28576EA7F}.Debug|Any CPU.Build.0 = Debug|Any CPU
		{406C38AE-BE08-414D-8858-67D28576EA7F}.Release|Any CPU.ActiveCfg = Release|Any CPU
		{406C38AE-BE08-414D-8858-67D28576EA7F}.Release|Any CPU.Build.0 = Release|Any CPU
	EndGlobalSection
	GlobalSection(SolutionProperties) = preSolution
		HideSolutionNode = FALSE
	EndGlobalSection
	GlobalSection(ExtensibilityGlobals) = postSolution
		SolutionGuid = {6D2B7E07-43CA-45CD-BFB8-65DB5E0A1BC4}
	EndGlobalSection
EndGlobal
